
Microsoft Visual Studio Solution File, Format Version 12.00
# Visual Studio Version 16
VisualStudioVersion = 16.0.29613.14
MinimumVisualStudioVersion = 10.0.40219.1
Project("{FAE04EC0-301F-11D3-BF4B-00C04F79EFBC}") = "Recursividad_2", "Recursividad_2.csproj", "{06C52AC5-A393-4FEE-86D4-47C9D1D3F97C}"
EndProject
Global
	GlobalSection(SolutionConfigurationPlatforms) = preSolution
		Debug|Any CPU = Debug|Any CPU
		Release|Any CPU = Release|Any CPU
	EndGlobalSection
	GlobalSection(ProjectConfigurationPlatforms) = postSolution
		{06C52AC5-A393-4FEE-86D4-47C9D1D3F97C}.Debug|Any CPU.ActiveCfg = Debug|Any CPU
		{06C52AC5-A393-4FEE-86D4-47C9D1D3F97C}.Debug|Any CPU.Build.0 = Debug|Any CPU
		{06C52AC5-A393-4FEE-86D4-47C9D1D3F97C}.Release|Any CPU.ActiveCfg = Release|Any CPU
		{06C52AC5-A393-4FEE-86D4-47C9D1D3F97C}.Release|Any CPU.Build.0 = Release|Any CPU
	EndGlobalSection
	GlobalSection(SolutionProperties) = preSolution
		HideSolutionNode = FALSE
	EndGlobalSection
	GlobalSection(ExtensibilityGlobals) = postSolution
		SolutionGuid = {C6CEA671-43B7-43F5-8FC1-11B5052C4684}
	EndGlobalSection
EndGlobal
